
Microsoft Visual Studio Solution File, Format Version 12.00
# Visual Studio Version 17
VisualStudioVersion = 17.8.34525.116
MinimumVisualStudioVersion = 10.0.40219.1
Project("{FAE04EC0-301F-11D3-BF4B-00C04F79EFBC}") = "MovieAPI", "MovieAPI\MovieAPI.csproj", "{B52D7878-C39F-4B3C-A447-104829A1151C}"
EndProject
Global
	GlobalSection(SolutionConfigurationPlatforms) = preSolution
		Debug|Any CPU = Debug|Any CPU
		Release|Any CPU = Release|Any CPU
	EndGlobalSection
	GlobalSection(ProjectConfigurationPlatforms) = postSolution
		{B52D7878-C39F-4B3C-A447-104829A1151C}.Debug|Any CPU.ActiveCfg = Debug|Any CPU
		{B52D7878-C39F-4B3C-A447-104829A1151C}.Debug|Any CPU.Build.0 = Debug|Any CPU
		{B52D7878-C39F-4B3C-A447-104829A1151C}.Release|Any CPU.ActiveCfg = Release|Any CPU
		{B52D7878-C39F-4B3C-A447-104829A1151C}.Release|Any CPU.Build.0 = Release|Any CPU
	EndGlobalSection
	GlobalSection(SolutionProperties) = preSolution
		HideSolutionNode = FALSE
	EndGlobalSection
	GlobalSection(ExtensibilityGlobals) = postSolution
		SolutionGuid = {052D4D92-9AE1-4607-885A-51361C82C8AB}
	EndGlobalSection
EndGlobal
