
Microsoft Visual Studio Solution File, Format Version 12.00
# Visual Studio Version 17
VisualStudioVersion = 17.9.34616.47
MinimumVisualStudioVersion = 10.0.40219.1
Project("{2150E333-8FDC-42A3-9474-1A3956D46DE8}") = "1 - Application", "1 - Application", "{C50D7BCD-9694-4B37-BA02-BBA2DBFC49BF}"
EndProject
Project("{2150E333-8FDC-42A3-9474-1A3956D46DE8}") = "2 - Domain", "2 - Domain", "{14583053-DB31-41B3-ACEC-B470ED5FCBC4}"
EndProject
Project("{2150E333-8FDC-42A3-9474-1A3956D46DE8}") = "3 - Service", "3 - Service", "{DC7EFC5E-C5F4-4BBC-9665-FC320846070F}"
EndProject
Project("{2150E333-8FDC-42A3-9474-1A3956D46DE8}") = "4 - Infra", "4 - Infra", "{35829FF9-D74E-45A8-90E8-E976C771AD91}"
EndProject
Project("{2150E333-8FDC-42A3-9474-1A3956D46DE8}") = "4.1 - Data", "4.1 - Data", "{4727FB21-D41E-4CE3-8E1C-748E0204E874}"
EndProject
Project("{2150E333-8FDC-42A3-9474-1A3956D46DE8}") = "4.2 - CrossCutting", "4.2 - CrossCutting", "{F783A69B-122B-4B72-8F1F-A937FB7EF70C}"
EndProject
Project("{FAE04EC0-301F-11D3-BF4B-00C04F79EFBC}") = "DDD-Model.Application", "DDD-Model.Application\DDD-Model.Application.csproj", "{EB540EED-DB9F-485E-9617-90B7DF31A561}"
	ProjectSection(ProjectDependencies) = postProject
		{362FE2EA-D508-4F3B-B9F0-DFCE6A49A05B} = {362FE2EA-D508-4F3B-B9F0-DFCE6A49A05B}
		{857671E0-0D52-46CF-9CAC-665E472AE75F} = {857671E0-0D52-46CF-9CAC-665E472AE75F}
	EndProjectSection
EndProject
Project("{FAE04EC0-301F-11D3-BF4B-00C04F79EFBC}") = "DDD-Model.Domain", "DDD-Model.Domain\DDD-Model.Domain.csproj", "{857671E0-0D52-46CF-9CAC-665E472AE75F}"
EndProject
Project("{FAE04EC0-301F-11D3-BF4B-00C04F79EFBC}") = "DDD-Model.Service", "DDD-Model.Service\DDD-Model.Service.csproj", "{362FE2EA-D508-4F3B-B9F0-DFCE6A49A05B}"
	ProjectSection(ProjectDependencies) = postProject
		{111E7342-0456-47E0-A33F-6016AEE01F57} = {111E7342-0456-47E0-A33F-6016AEE01F57}
		{857671E0-0D52-46CF-9CAC-665E472AE75F} = {857671E0-0D52-46CF-9CAC-665E472AE75F}
		{ED3556BC-135B-43E1-A74F-BFDD96B9987F} = {ED3556BC-135B-43E1-A74F-BFDD96B9987F}
	EndProjectSection
EndProject
Project("{FAE04EC0-301F-11D3-BF4B-00C04F79EFBC}") = "DDD-Model.Infra.Data", "DDD-Model.Infra.Data\DDD-Model.Infra.Data.csproj", "{111E7342-0456-47E0-A33F-6016AEE01F57}"
EndProject
Project("{FAE04EC0-301F-11D3-BF4B-00C04F79EFBC}") = "DDD-Model.Infra.CrossCutting", "DDD-Model.Infra.CrossCutting\DDD-Model.Infra.CrossCutting.csproj", "{ED3556BC-135B-43E1-A74F-BFDD96B9987F}"
	ProjectSection(ProjectDependencies) = postProject
		{857671E0-0D52-46CF-9CAC-665E472AE75F} = {857671E0-0D52-46CF-9CAC-665E472AE75F}
	EndProjectSection
EndProject
Global
	GlobalSection(SolutionConfigurationPlatforms) = preSolution
		Debug|Any CPU = Debug|Any CPU
		Release|Any CPU = Release|Any CPU
	EndGlobalSection
	GlobalSection(ProjectConfigurationPlatforms) = postSolution
		{EB540EED-DB9F-485E-9617-90B7DF31A561}.Debug|Any CPU.ActiveCfg = Debug|Any CPU
		{EB540EED-DB9F-485E-9617-90B7DF31A561}.Debug|Any CPU.Build.0 = Debug|Any CPU
		{EB540EED-DB9F-485E-9617-90B7DF31A561}.Release|Any CPU.ActiveCfg = Release|Any CPU
		{EB540EED-DB9F-485E-9617-90B7DF31A561}.Release|Any CPU.Build.0 = Release|Any CPU
		{857671E0-0D52-46CF-9CAC-665E472AE75F}.Debug|Any CPU.ActiveCfg = Debug|Any CPU
		{857671E0-0D52-46CF-9CAC-665E472AE75F}.Debug|Any CPU.Build.0 = Debug|Any CPU
		{857671E0-0D52-46CF-9CAC-665E472AE75F}.Release|Any CPU.ActiveCfg = Release|Any CPU
		{857671E0-0D52-46CF-9CAC-665E472AE75F}.Release|Any CPU.Build.0 = Release|Any CPU
		{362FE2EA-D508-4F3B-B9F0-DFCE6A49A05B}.Debug|Any CPU.ActiveCfg = Debug|Any CPU
		{362FE2EA-D508-4F3B-B9F0-DFCE6A49A05B}.Debug|Any CPU.Build.0 = Debug|Any CPU
		{362FE2EA-D508-4F3B-B9F0-DFCE6A49A05B}.Release|Any CPU.ActiveCfg = Release|Any CPU
		{362FE2EA-D508-4F3B-B9F0-DFCE6A49A05B}.Release|Any CPU.Build.0 = Release|Any CPU
		{111E7342-0456-47E0-A33F-6016AEE01F57}.Debug|Any CPU.ActiveCfg = Debug|Any CPU
		{111E7342-0456-47E0-A33F-6016AEE01F57}.Debug|Any CPU.Build.0 = Debug|Any CPU
		{111E7342-0456-47E0-A33F-6016AEE01F57}.Release|Any CPU.ActiveCfg = Release|Any CPU
		{111E7342-0456-47E0-A33F-6016AEE01F57}.Release|Any CPU.Build.0 = Release|Any CPU
		{ED3556BC-135B-43E1-A74F-BFDD96B9987F}.Debug|Any CPU.ActiveCfg = Debug|Any CPU
		{ED3556BC-135B-43E1-A74F-BFDD96B9987F}.Debug|Any CPU.Build.0 = Debug|Any CPU
		{ED3556BC-135B-43E1-A74F-BFDD96B9987F}.Release|Any CPU.ActiveCfg = Release|Any CPU
		{ED3556BC-135B-43E1-A74F-BFDD96B9987F}.Release|Any CPU.Build.0 = Release|Any CPU
	EndGlobalSection
	GlobalSection(SolutionProperties) = preSolution
		HideSolutionNode = FALSE
	EndGlobalSection
	GlobalSection(NestedProjects) = preSolution
		{4727FB21-D41E-4CE3-8E1C-748E0204E874} = {35829FF9-D74E-45A8-90E8-E976C771AD91}
		{F783A69B-122B-4B72-8F1F-A937FB7EF70C} = {35829FF9-D74E-45A8-90E8-E976C771AD91}
		{EB540EED-DB9F-485E-9617-90B7DF31A561} = {C50D7BCD-9694-4B37-BA02-BBA2DBFC49BF}
		{857671E0-0D52-46CF-9CAC-665E472AE75F} = {14583053-DB31-41B3-ACEC-B470ED5FCBC4}
		{362FE2EA-D508-4F3B-B9F0-DFCE6A49A05B} = {DC7EFC5E-C5F4-4BBC-9665-FC320846070F}
		{111E7342-0456-47E0-A33F-6016AEE01F57} = {4727FB21-D41E-4CE3-8E1C-748E0204E874}
		{ED3556BC-135B-43E1-A74F-BFDD96B9987F} = {F783A69B-122B-4B72-8F1F-A937FB7EF70C}
	EndGlobalSection
	GlobalSection(ExtensibilityGlobals) = postSolution
		SolutionGuid = {C1DCD39F-4526-4309-9580-5810FE51A6B8}
	EndGlobalSection
EndGlobal
